%{
  "asciichart": {:hex, :asciichart, "1.0.0", "6ef5dbeab545cb7a0bdce7235958f129de6cd8ad193684dc0953c9a8b4c3db5b", [:mix], [], "hexpm"},
  "elixir_make": {:hex, :elixir_make, "0.6.0", "38349f3e29aff4864352084fc736fa7fa0f2995a819a737554f7ebd28b85aaab", [:mix], [], "hexpm"},
  "ex_termbox": {:hex, :ex_termbox, "1.0.0", "6f26a0cdc787c0685732649beee6973248504fc689776cf57a485422be8dac4b", [:make, :mix], [{:elixir_make, "~> 0.4", [hex: :elixir_make, repo: "hexpm", optional: false]}], "hexpm"},
  "ratatouille": {:hex, :ratatouille, "0.5.0", "e843c2dbc0293438865361c4e4fecf5bab702563e490d67dee85edcabf15ac1d", [:mix], [{:asciichart, "~> 1.0", [hex: :asciichart, repo: "hexpm", optional: false]}, {:ex_termbox, "~> 1.0", [hex: :ex_termbox, repo: "hexpm", optional: false]}], "hexpm"},
}
